
Microsoft Visual Studio Solution File, Format Version 11.00
# Visual C++ Express 2010
Project("{8BC9CEB8-8B4A-11D0-8D11-00A0C91BC942}") = "ReadAllDataByMSVCPP", "ReadAllDataByMSVCPP\ReadAllDataByMSVCPP.vcxproj", "{C13A6463-3E46-50B1-69EB-52F3C5B1EB96}"
EndProject
Project("{8BC9CEB8-8B4A-11D0-8D11-00A0C91BC942}") = "SetSomeDataByMSVCPP", "SetSomeDataByMSVCPP\SetSomeDataByMSVCPP.vcxproj", "{B0BDC75D-4CFA-AF75-08AA-0911EDD6124E}"
EndProject
Global
	GlobalSection(SolutionConfigurationPlatforms) = preSolution
		Debug|Win32 = Debug|Win32
		Debug|x64 = Debug|x64
		Release|Win32 = Release|Win32
		Release|x64 = Release|x64
	EndGlobalSection
	GlobalSection(ProjectConfigurationPlatforms) = postSolution
		{C13A6463-3E46-50B1-69EB-52F3C5B1EB96}.Debug|Win32.ActiveCfg = Debug|Win32
		{C13A6463-3E46-50B1-69EB-52F3C5B1EB96}.Debug|Win32.Build.0 = Debug|Win32
		{C13A6463-3E46-50B1-69EB-52F3C5B1EB96}.Debug|x64.ActiveCfg = Debug|x64
		{C13A6463-3E46-50B1-69EB-52F3C5B1EB96}.Debug|x64.Build.0 = Debug|x64
		{C13A6463-3E46-50B1-69EB-52F3C5B1EB96}.Release|Win32.ActiveCfg = Release|Win32
		{C13A6463-3E46-50B1-69EB-52F3C5B1EB96}.Release|Win32.Build.0 = Release|Win32
		{C13A6463-3E46-50B1-69EB-52F3C5B1EB96}.Release|x64.ActiveCfg = Release|x64
		{C13A6463-3E46-50B1-69EB-52F3C5B1EB96}.Release|x64.Build.0 = Release|x64
		{B0BDC75D-4CFA-AF75-08AA-0911EDD6124E}.Debug|Win32.ActiveCfg = Debug|Win32
		{B0BDC75D-4CFA-AF75-08AA-0911EDD6124E}.Debug|Win32.Build.0 = Debug|Win32
		{B0BDC75D-4CFA-AF75-08AA-0911EDD6124E}.Debug|x64.ActiveCfg = Debug|x64
		{B0BDC75D-4CFA-AF75-08AA-0911EDD6124E}.Debug|x64.Build.0 = Debug|x64
		{B0BDC75D-4CFA-AF75-08AA-0911EDD6124E}.Release|Win32.ActiveCfg = Release|Win32
		{B0BDC75D-4CFA-AF75-08AA-0911EDD6124E}.Release|Win32.Build.0 = Release|Win32
		{B0BDC75D-4CFA-AF75-08AA-0911EDD6124E}.Release|x64.ActiveCfg = Release|x64
		{B0BDC75D-4CFA-AF75-08AA-0911EDD6124E}.Release|x64.Build.0 = Release|x64
	EndGlobalSection
	GlobalSection(SolutionProperties) = preSolution
		HideSolutionNode = FALSE
	EndGlobalSection
EndGlobal
